// !$*UTF8*$!
{
	archiveVersion = 1;
	classes = {
	};
	objectVersion = 77;
	objects = {

/* Begin PBXBuildFile section */
		100000000000000000000001 /* ZIPFoundation in Frameworks */ = {isa = PBXBuildFile; productRef = 100000000000000000000051 /* ZIPFoundation */; };
		100000000000000000000002 /* ZIPFoundation in Frameworks */ = {isa = PBXBuildFile; productRef = 100000000000000000000052 /* ZIPFoundation */; };
		100000000000000000000003 /* AppIcon-trimmed.icns in Resources */ = {isa = PBXBuildFile; fileRef = 100000000000000000000013 /* AppIcon-trimmed.icns */; };
		100000000000000000000004 /* AppIcon-iPad-76@2x.png in Resources */ = {isa = PBXBuildFile; fileRef = 100000000000000000000014 /* AppIcon-iPad-76@2x.png */; };
		100000000000000000000005 /* AppIcon-iPad-83.5@2x.png in Resources */ = {isa = PBXBuildFile; fileRef = 100000000000000000000015 /* AppIcon-iPad-83.5@2x.png */; };
		100000000000000000000006 /* AppIcon-iPad-1024.png in Resources */ = {isa = PBXBuildFile; fileRef = 100000000000000000000016 /* AppIcon-iPad-1024.png */; };
/* End PBXBuildFile section */

/* Begin PBXContainerItemProxy section */
		100000000000000000000092 /* PBXContainerItemProxy */ = {
			isa = PBXContainerItemProxy;
			containerPortal = 100000000000000000000050 /* Project object */;
			proxyType = 1;
			remoteGlobalIDString = 100000000000000000000040;
			remoteInfo = "AudioReader-macOS";
		};
		100000000000000000000093 /* PBXContainerItemProxy */ = {
			isa = PBXContainerItemProxy;
			containerPortal = 100000000000000000000050 /* Project object */;
			proxyType = 1;
			remoteGlobalIDString = 100000000000000000000041;
			remoteInfo = "AudioReader-iOS";
		};
		100000000000000000000094 /* PBXContainerItemProxy */ = {
			isa = PBXContainerItemProxy;
			containerPortal = 100000000000000000000050 /* Project object */;
			proxyType = 1;
			remoteGlobalIDString = 100000000000000000000041;
			remoteInfo = "AudioReader-iOS";
		};
/* End PBXContainerItemProxy section */

/* Begin PBXFileReference section */
		100000000000000000000010 /* AudioReader.app */ = {isa = PBXFileReference; explicitFileType = wrapper.application; includeInIndex = 0; path = AudioReader.app; sourceTree = BUILT_PRODUCTS_DIR; };
		100000000000000000000011 /* AudioReader.app */ = {isa = PBXFileReference; explicitFileType = wrapper.application; includeInIndex = 0; path = AudioReader.app; sourceTree = BUILT_PRODUCTS_DIR; };
		100000000000000000000012 /* Info-macOS.plist */ = {isa = PBXFileReference; lastKnownFileType = text.plist.xml; path = "Info-macOS.plist"; sourceTree = "<group>"; };
		100000000000000000000013 /* AppIcon-trimmed.icns */ = {isa = PBXFileReference; lastKnownFileType = image.icns; path = "AppIcon-trimmed.icns"; sourceTree = "<group>"; };
		100000000000000000000014 /* AppIcon-iPad-76@2x.png */ = {isa = PBXFileReference; lastKnownFileType = image.png; path = "AppIcon-iPad-76@2x.png"; sourceTree = "<group>"; };
		100000000000000000000015 /* AppIcon-iPad-83.5@2x.png */ = {isa = PBXFileReference; lastKnownFileType = image.png; path = "AppIcon-iPad-83.5@2x.png"; sourceTree = "<group>"; };
		100000000000000000000016 /* AppIcon-iPad-1024.png */ = {isa = PBXFileReference; lastKnownFileType = image.png; path = "AppIcon-iPad-1024.png"; sourceTree = "<group>"; };
		100000000000000000000017 /* Info-iOS.plist */ = {isa = PBXFileReference; lastKnownFileType = text.plist.xml; path = "Info-iOS.plist"; sourceTree = "<group>"; };
		100000000000000000000018 /* AudioReader-macOSUITests.xctest */ = {isa = PBXFileReference; explicitFileType = wrapper.cfbundle; includeInIndex = 0; path = "AudioReader-macOSUITests.xctest"; sourceTree = BUILT_PRODUCTS_DIR; };
		100000000000000000000019 /* AudioReader-iOSUITests.xctest */ = {isa = PBXFileReference; explicitFileType = wrapper.cfbundle; includeInIndex = 0; path = "AudioReader-iOSUITests.xctest"; sourceTree = BUILT_PRODUCTS_DIR; };
		10000000000000000000001A /* AudioReader-iOSUnitTests.xctest */ = {isa = PBXFileReference; explicitFileType = wrapper.cfbundle; includeInIndex = 0; path = "AudioReader-iOSUnitTests.xctest"; sourceTree = BUILT_PRODUCTS_DIR; };
/* End PBXFileReference section */

/* Begin PBXFileSystemSynchronizedRootGroup section */
		100000000000000000000020 /* Sources/AudioReader */ = {
			isa = PBXFileSystemSynchronizedRootGroup;
			path = Sources/AudioReader;
			sourceTree = SOURCE_ROOT;
		};
		100000000000000000000025 /* Sources/AudioReaderDomain */ = {
			isa = PBXFileSystemSynchronizedRootGroup;
			path = Sources/AudioReaderDomain;
			sourceTree = SOURCE_ROOT;
		};
		100000000000000000000026 /* Sources/AudioReaderLocalStore */ = {
			isa = PBXFileSystemSynchronizedRootGroup;
			path = Sources/AudioReaderLocalStore;
			sourceTree = SOURCE_ROOT;
		};
		100000000000000000000027 /* Sources/AudioReaderNetworking */ = {
			isa = PBXFileSystemSynchronizedRootGroup;
			path = Sources/AudioReaderNetworking;
			sourceTree = SOURCE_ROOT;
		};
		100000000000000000000028 /* UITests/AudioReaderMacOSUITests */ = {
			isa = PBXFileSystemSynchronizedRootGroup;
			path = UITests/AudioReaderMacOSUITests;
			sourceTree = SOURCE_ROOT;
		};
		100000000000000000000029 /* UITests/AudioReaderIOSUITests */ = {
			isa = PBXFileSystemSynchronizedRootGroup;
			path = UITests/AudioReaderIOSUITests;
			sourceTree = SOURCE_ROOT;
		};
		10000000000000000000002A /* Tests/AudioReaderIOSUnitTests */ = {
			isa = PBXFileSystemSynchronizedRootGroup;
			path = Tests/AudioReaderIOSUnitTests;
			sourceTree = SOURCE_ROOT;
		};
/* End PBXFileSystemSynchronizedRootGroup section */

/* Begin PBXFrameworksBuildPhase section */
		100000000000000000000030 /* Frameworks */ = {
			isa = PBXFrameworksBuildPhase;
			buildActionMask = 2147483647;
			files = (
				100000000000000000000001 /* ZIPFoundation in Frameworks */,
			);
			runOnlyForDeploymentPostprocessing = 0;
		};
		100000000000000000000031 /* Frameworks */ = {
			isa = PBXFrameworksBuildPhase;
			buildActionMask = 2147483647;
			files = (
				100000000000000000000002 /* ZIPFoundation in Frameworks */,
			);
			runOnlyForDeploymentPostprocessing = 0;
		};
		100000000000000000000032 /* Frameworks */ = {
			isa = PBXFrameworksBuildPhase;
			buildActionMask = 2147483647;
			files = (
			);
			runOnlyForDeploymentPostprocessing = 0;
		};
		100000000000000000000033 /* Frameworks */ = {
			isa = PBXFrameworksBuildPhase;
			buildActionMask = 2147483647;
			files = (
			);
			runOnlyForDeploymentPostprocessing = 0;
		};
		100000000000000000000034 /* Frameworks */ = {
			isa = PBXFrameworksBuildPhase;
			buildActionMask = 2147483647;
			files = (
			);
			runOnlyForDeploymentPostprocessing = 0;
		};
/* End PBXFrameworksBuildPhase section */

/* Begin PBXGroup section */
		100000000000000000000021 = {
			isa = PBXGroup;
			children = (
				100000000000000000000020 /* Sources/AudioReader */,
				100000000000000000000025 /* Sources/AudioReaderDomain */,
				100000000000000000000026 /* Sources/AudioReaderLocalStore */,
				100000000000000000000027 /* Sources/AudioReaderNetworking */,
				100000000000000000000028 /* UITests/AudioReaderMacOSUITests */,
				100000000000000000000029 /* UITests/AudioReaderIOSUITests */,
				10000000000000000000002A /* Tests/AudioReaderIOSUnitTests */,
				100000000000000000000022 /* Xcode */,
				100000000000000000000023 /* Resources */,
				100000000000000000000024 /* Products */,
			);
			sourceTree = "<group>";
		};
		100000000000000000000022 /* Xcode */ = {
			isa = PBXGroup;
			children = (
				100000000000000000000012 /* Info-macOS.plist */,
				100000000000000000000017 /* Info-iOS.plist */,
			);
			path = Xcode;
			sourceTree = "<group>";
		};
		100000000000000000000023 /* Resources */ = {
			isa = PBXGroup;
			children = (
				100000000000000000000013 /* AppIcon-trimmed.icns */,
				100000000000000000000014 /* AppIcon-iPad-76@2x.png */,
				100000000000000000000015 /* AppIcon-iPad-83.5@2x.png */,
				100000000000000000000016 /* AppIcon-iPad-1024.png */,
			);
			path = Resources;
			sourceTree = "<group>";
		};
		100000000000000000000024 /* Products */ = {
			isa = PBXGroup;
			children = (
				100000000000000000000010 /* AudioReader.app */,
				100000000000000000000011 /* AudioReader.app */,
				100000000000000000000018 /* AudioReader-macOSUITests.xctest */,
				100000000000000000000019 /* AudioReader-iOSUITests.xctest */,
				10000000000000000000001A /* AudioReader-iOSUnitTests.xctest */,
			);
			name = Products;
			sourceTree = "<group>";
		};
/* End PBXGroup section */

/* Begin PBXNativeTarget section */
		100000000000000000000040 /* AudioReader-macOS */ = {
			isa = PBXNativeTarget;
			buildConfigurationList = 100000000000000000000071 /* Build configuration list for PBXNativeTarget "AudioReader-macOS" */;
			buildPhases = (
				100000000000000000000060 /* Sources */,
				100000000000000000000030 /* Frameworks */,
				100000000000000000000062 /* Resources */,
			);
			buildRules = (
			);
			dependencies = (
			);
			fileSystemSynchronizedGroups = (
				100000000000000000000020 /* Sources/AudioReader */,
				100000000000000000000025 /* Sources/AudioReaderDomain */,
				100000000000000000000026 /* Sources/AudioReaderLocalStore */,
				100000000000000000000027 /* Sources/AudioReaderNetworking */,
			);
			name = "AudioReader-macOS";
			packageProductDependencies = (
				100000000000000000000051 /* ZIPFoundation */,
			);
			productName = AudioReader;
			productReference = 100000000000000000000010 /* AudioReader.app */;
			productType = "com.apple.product-type.application";
		};
		100000000000000000000041 /* AudioReader-iOS */ = {
			isa = PBXNativeTarget;
			buildConfigurationList = 100000000000000000000072 /* Build configuration list for PBXNativeTarget "AudioReader-iOS" */;
			buildPhases = (
				100000000000000000000061 /* Sources */,
				100000000000000000000031 /* Frameworks */,
				100000000000000000000063 /* Resources */,
			);
			buildRules = (
			);
			dependencies = (
			);
			fileSystemSynchronizedGroups = (
				100000000000000000000020 /* Sources/AudioReader */,
				100000000000000000000025 /* Sources/AudioReaderDomain */,
				100000000000000000000026 /* Sources/AudioReaderLocalStore */,
				100000000000000000000027 /* Sources/AudioReaderNetworking */,
			);
			name = "AudioReader-iOS";
			packageProductDependencies = (
				100000000000000000000052 /* ZIPFoundation */,
			);
			productName = AudioReader;
			productReference = 100000000000000000000011 /* AudioReader.app */;
			productType = "com.apple.product-type.application";
		};
		100000000000000000000042 /* AudioReader-macOSUITests */ = {
			isa = PBXNativeTarget;
			buildConfigurationList = 100000000000000000000073 /* Build configuration list for PBXNativeTarget "AudioReader-macOSUITests" */;
			buildPhases = (
				100000000000000000000066 /* Sources */,
				100000000000000000000032 /* Frameworks */,
				100000000000000000000064 /* Resources */,
			);
			buildRules = (
			);
			dependencies = (
				100000000000000000000090 /* PBXTargetDependency */,
			);
			fileSystemSynchronizedGroups = (
				100000000000000000000028 /* UITests/AudioReaderMacOSUITests */,
			);
			name = "AudioReader-macOSUITests";
			productName = "AudioReader-macOSUITests";
			productReference = 100000000000000000000018 /* AudioReader-macOSUITests.xctest */;
			productType = "com.apple.product-type.bundle.ui-testing";
		};
		100000000000000000000043 /* AudioReader-iOSUITests */ = {
			isa = PBXNativeTarget;
			buildConfigurationList = 100000000000000000000074 /* Build configuration list for PBXNativeTarget "AudioReader-iOSUITests" */;
			buildPhases = (
				100000000000000000000067 /* Sources */,
				100000000000000000000033 /* Frameworks */,
				100000000000000000000065 /* Resources */,
			);
			buildRules = (
			);
			dependencies = (
				100000000000000000000091 /* PBXTargetDependency */,
			);
			fileSystemSynchronizedGroups = (
				100000000000000000000029 /* UITests/AudioReaderIOSUITests */,
			);
			name = "AudioReader-iOSUITests";
			productName = "AudioReader-iOSUITests";
			productReference = 100000000000000000000019 /* AudioReader-iOSUITests.xctest */;
			productType = "com.apple.product-type.bundle.ui-testing";
		};
		100000000000000000000044 /* AudioReader-iOSUnitTests */ = {
			isa = PBXNativeTarget;
			buildConfigurationList = 100000000000000000000075 /* Build configuration list for PBXNativeTarget "AudioReader-iOSUnitTests" */;
			buildPhases = (
				100000000000000000000069 /* Sources */,
				100000000000000000000034 /* Frameworks */,
				100000000000000000000068 /* Resources */,
			);
			buildRules = (
			);
			dependencies = (
				100000000000000000000095 /* PBXTargetDependency */,
			);
			fileSystemSynchronizedGroups = (
				10000000000000000000002A /* Tests/AudioReaderIOSUnitTests */,
			);
			name = "AudioReader-iOSUnitTests";
			productName = "AudioReader-iOSUnitTests";
			productReference = 10000000000000000000001A /* AudioReader-iOSUnitTests.xctest */;
			productType = "com.apple.product-type.bundle.unit-test";
		};
/* End PBXNativeTarget section */

/* Begin PBXProject section */
		100000000000000000000050 /* Project object */ = {
			isa = PBXProject;
			attributes = {
				BuildIndependentTargetsInParallel = 1;
				LastSwiftUpdateCheck = 2660;
				LastUpgradeCheck = 2660;
				TargetAttributes = {
					100000000000000000000040 = {
						CreatedOnToolsVersion = 26.6;
					};
					100000000000000000000041 = {
						CreatedOnToolsVersion = 26.6;
						ProvisioningStyle = Automatic;
					};
					100000000000000000000042 = {
						CreatedOnToolsVersion = 26.6;
						TestTargetID = 100000000000000000000040;
					};
					100000000000000000000043 = {
						CreatedOnToolsVersion = 26.6;
						TestTargetID = 100000000000000000000041;
					};
					100000000000000000000044 = {
						CreatedOnToolsVersion = 26.6;
						TestTargetID = 100000000000000000000041;
					};
				};
			};
			buildConfigurationList = 100000000000000000000070 /* Build configuration list for PBXProject "AudioReader" */;
			developmentRegion = en;
			hasScannedForEncodings = 0;
			knownRegions = (
				en,
				Base,
			);
			mainGroup = 100000000000000000000021;
			minimizedProjectReferenceProxies = 1;
			packageReferences = (
				100000000000000000000053 /* XCRemoteSwiftPackageReference "ZIPFoundation" */,
			);
			preferredProjectObjectVersion = 77;
			productRefGroup = 100000000000000000000024 /* Products */;
			projectDirPath = "";
			projectRoot = "";
			targets = (
				100000000000000000000040 /* AudioReader-macOS */,
				100000000000000000000041 /* AudioReader-iOS */,
				100000000000000000000042 /* AudioReader-macOSUITests */,
				100000000000000000000043 /* AudioReader-iOSUITests */,
				100000000000000000000044 /* AudioReader-iOSUnitTests */,
			);
		};
/* End PBXProject section */

/* Begin PBXResourcesBuildPhase section */
		100000000000000000000062 /* Resources */ = {
			isa = PBXResourcesBuildPhase;
			buildActionMask = 2147483647;
			files = (
				100000000000000000000003 /* AppIcon-trimmed.icns in Resources */,
			);
			runOnlyForDeploymentPostprocessing = 0;
		};
		100000000000000000000063 /* Resources */ = {
			isa = PBXResourcesBuildPhase;
			buildActionMask = 2147483647;
			files = (
				100000000000000000000004 /* AppIcon-iPad-76@2x.png in Resources */,
				100000000000000000000005 /* AppIcon-iPad-83.5@2x.png in Resources */,
				100000000000000000000006 /* AppIcon-iPad-1024.png in Resources */,
			);
			runOnlyForDeploymentPostprocessing = 0;
		};
		100000000000000000000064 /* Resources */ = {
			isa = PBXResourcesBuildPhase;
			buildActionMask = 2147483647;
			files = (
			);
			runOnlyForDeploymentPostprocessing = 0;
		};
		100000000000000000000065 /* Resources */ = {
			isa = PBXResourcesBuildPhase;
			buildActionMask = 2147483647;
			files = (
			);
			runOnlyForDeploymentPostprocessing = 0;
		};
		100000000000000000000068 /* Resources */ = {
			isa = PBXResourcesBuildPhase;
			buildActionMask = 2147483647;
			files = (
			);
			runOnlyForDeploymentPostprocessing = 0;
		};
/* End PBXResourcesBuildPhase section */

/* Begin PBXSourcesBuildPhase section */
		100000000000000000000060 /* Sources */ = {
			isa = PBXSourcesBuildPhase;
			buildActionMask = 2147483647;
			files = (
			);
			runOnlyForDeploymentPostprocessing = 0;
		};
		100000000000000000000061 /* Sources */ = {
			isa = PBXSourcesBuildPhase;
			buildActionMask = 2147483647;
			files = (
			);
			runOnlyForDeploymentPostprocessing = 0;
		};
		100000000000000000000066 /* Sources */ = {
			isa = PBXSourcesBuildPhase;
			buildActionMask = 2147483647;
			files = (
			);
			runOnlyForDeploymentPostprocessing = 0;
		};
		100000000000000000000067 /* Sources */ = {
			isa = PBXSourcesBuildPhase;
			buildActionMask = 2147483647;
			files = (
			);
			runOnlyForDeploymentPostprocessing = 0;
		};
		100000000000000000000069 /* Sources */ = {
			isa = PBXSourcesBuildPhase;
			buildActionMask = 2147483647;
			files = (
			);
			runOnlyForDeploymentPostprocessing = 0;
		};
/* End PBXSourcesBuildPhase section */

/* Begin PBXTargetDependency section */
		100000000000000000000090 /* PBXTargetDependency */ = {
			isa = PBXTargetDependency;
			target = 100000000000000000000040 /* AudioReader-macOS */;
			targetProxy = 100000000000000000000092 /* PBXContainerItemProxy */;
		};
		100000000000000000000091 /* PBXTargetDependency */ = {
			isa = PBXTargetDependency;
			target = 100000000000000000000041 /* AudioReader-iOS */;
			targetProxy = 100000000000000000000093 /* PBXContainerItemProxy */;
		};
		100000000000000000000095 /* PBXTargetDependency */ = {
			isa = PBXTargetDependency;
			target = 100000000000000000000041 /* AudioReader-iOS */;
			targetProxy = 100000000000000000000094 /* PBXContainerItemProxy */;
		};
/* End PBXTargetDependency section */

/* Begin XCBuildConfiguration section */
		100000000000000000000080 /* Debug */ = {
			isa = XCBuildConfiguration;
			buildSettings = {
				ALWAYS_SEARCH_USER_PATHS = NO;
				CLANG_ENABLE_MODULES = YES;
				CLANG_ENABLE_OBJC_ARC = YES;
				COPY_PHASE_STRIP = NO;
				DEBUG_INFORMATION_FORMAT = dwarf;
				ENABLE_TESTABILITY = YES;
				GCC_C_LANGUAGE_STANDARD = gnu17;
				GCC_OPTIMIZATION_LEVEL = 0;
				ONLY_ACTIVE_ARCH = YES;
				SWIFT_ACTIVE_COMPILATION_CONDITIONS = "DEBUG $(inherited)";
				SWIFT_OPTIMIZATION_LEVEL = "-Onone";
				SWIFT_VERSION = 6.0;
			};
			name = Debug;
		};
		100000000000000000000081 /* Release */ = {
			isa = XCBuildConfiguration;
			buildSettings = {
				ALWAYS_SEARCH_USER_PATHS = NO;
				CLANG_ENABLE_MODULES = YES;
				CLANG_ENABLE_OBJC_ARC = YES;
				COPY_PHASE_STRIP = NO;
				DEBUG_INFORMATION_FORMAT = "dwarf-with-dsym";
				GCC_C_LANGUAGE_STANDARD = gnu17;
				SWIFT_COMPILATION_MODE = wholemodule;
				SWIFT_OPTIMIZATION_LEVEL = "-O";
				SWIFT_VERSION = 6.0;
			};
			name = Release;
		};
		100000000000000000000082 /* Debug */ = {
			isa = XCBuildConfiguration;
			buildSettings = {
				CODE_SIGN_STYLE = Automatic;
				COMBINE_HIDPI_IMAGES = YES;
				CURRENT_PROJECT_VERSION = 107;
				ENABLE_HARDENED_RUNTIME = YES;
				GENERATE_INFOPLIST_FILE = NO;
				INFOPLIST_FILE = "Xcode/Info-macOS.plist";
				LD_RUNPATH_SEARCH_PATHS = (
					"$(inherited)",
					"@executable_path/../Frameworks",
				);
				MACOSX_DEPLOYMENT_TARGET = 26.0;
				MARKETING_VERSION = 2.5.1;
				OTHER_LDFLAGS = (
					"$(inherited)",
					"-lsqlite3",
				);
				PRODUCT_BUNDLE_IDENTIFIER = com.johnsonzhang.AudioReader;
				PRODUCT_NAME = AudioReader;
				SDKROOT = macosx;
				SUPPORTED_PLATFORMS = macosx;
			};
			name = Debug;
		};
		100000000000000000000083 /* Release */ = {
			isa = XCBuildConfiguration;
			buildSettings = {
				CODE_SIGN_STYLE = Automatic;
				COMBINE_HIDPI_IMAGES = YES;
				CURRENT_PROJECT_VERSION = 107;
				ENABLE_HARDENED_RUNTIME = YES;
				GENERATE_INFOPLIST_FILE = NO;
				INFOPLIST_FILE = "Xcode/Info-macOS.plist";
				LD_RUNPATH_SEARCH_PATHS = (
					"$(inherited)",
					"@executable_path/../Frameworks",
				);
				MACOSX_DEPLOYMENT_TARGET = 26.0;
				MARKETING_VERSION = 2.5.1;
				OTHER_LDFLAGS = (
					"$(inherited)",
					"-lsqlite3",
				);
				PRODUCT_BUNDLE_IDENTIFIER = com.johnsonzhang.AudioReader;
				PRODUCT_NAME = AudioReader;
				SDKROOT = macosx;
				SUPPORTED_PLATFORMS = macosx;
			};
			name = Release;
		};
		100000000000000000000084 /* Debug */ = {
			isa = XCBuildConfiguration;
			buildSettings = {
				CODE_SIGN_STYLE = Automatic;
				CURRENT_PROJECT_VERSION = 107;
				DEVELOPMENT_TEAM = 9XV58LJ624;
				GENERATE_INFOPLIST_FILE = NO;
				INFOPLIST_FILE = "Xcode/Info-iOS.plist";
				IPHONEOS_DEPLOYMENT_TARGET = 26.0;
				LD_RUNPATH_SEARCH_PATHS = (
					"$(inherited)",
					"@executable_path/Frameworks",
				);
				MARKETING_VERSION = 2.5.1;
				OTHER_LDFLAGS = (
					"$(inherited)",
					"-lsqlite3",
				);
				PRODUCT_BUNDLE_IDENTIFIER = com.johnsonzhang.AudioReader;
				PRODUCT_NAME = AudioReader;
				SDKROOT = iphoneos;
				SUPPORTED_PLATFORMS = "iphoneos iphonesimulator";
				SUPPORTS_MACCATALYST = NO;
				TARGETED_DEVICE_FAMILY = 2;
			};
			name = Debug;
		};
		100000000000000000000085 /* Release */ = {
			isa = XCBuildConfiguration;
			buildSettings = {
				CODE_SIGN_STYLE = Automatic;
				CURRENT_PROJECT_VERSION = 107;
				DEVELOPMENT_TEAM = 9XV58LJ624;
				GENERATE_INFOPLIST_FILE = NO;
				INFOPLIST_FILE = "Xcode/Info-iOS.plist";
				IPHONEOS_DEPLOYMENT_TARGET = 26.0;
				LD_RUNPATH_SEARCH_PATHS = (
					"$(inherited)",
					"@executable_path/Frameworks",
				);
				MARKETING_VERSION = 2.5.1;
				OTHER_LDFLAGS = (
					"$(inherited)",
					"-lsqlite3",
				);
				PRODUCT_BUNDLE_IDENTIFIER = com.johnsonzhang.AudioReader;
				PRODUCT_NAME = AudioReader;
				SDKROOT = iphoneos;
				SUPPORTED_PLATFORMS = "iphoneos iphonesimulator";
				SUPPORTS_MACCATALYST = NO;
				TARGETED_DEVICE_FAMILY = 2;
			};
			name = Release;
		};
		100000000000000000000086 /* Debug */ = {
			isa = XCBuildConfiguration;
			buildSettings = {
				CODE_SIGN_STYLE = Automatic;
				GENERATE_INFOPLIST_FILE = YES;
				MACOSX_DEPLOYMENT_TARGET = 26.0;
				PRODUCT_BUNDLE_IDENTIFIER = com.johnsonzhang.AudioReader.macOSUITests;
				PRODUCT_NAME = "$(TARGET_NAME)";
				SDKROOT = macosx;
				SUPPORTED_PLATFORMS = macosx;
				SWIFT_ACTIVE_COMPILATION_CONDITIONS = "DEBUG $(inherited)";
				SWIFT_VERSION = 6.0;
				TEST_TARGET_NAME = "AudioReader-macOS";
			};
			name = Debug;
		};
		100000000000000000000087 /* Debug */ = {
			isa = XCBuildConfiguration;
			buildSettings = {
				CODE_SIGN_STYLE = Automatic;
				DEVELOPMENT_TEAM = 9XV58LJ624;
				GENERATE_INFOPLIST_FILE = YES;
				IPHONEOS_DEPLOYMENT_TARGET = 26.0;
				PRODUCT_BUNDLE_IDENTIFIER = com.johnsonzhang.AudioReader.iOSUITests;
				PRODUCT_NAME = "$(TARGET_NAME)";
				SDKROOT = iphoneos;
				SUPPORTED_PLATFORMS = "iphoneos iphonesimulator";
				SWIFT_ACTIVE_COMPILATION_CONDITIONS = "DEBUG $(inherited)";
				SWIFT_VERSION = 6.0;
				TARGETED_DEVICE_FAMILY = 2;
				TEST_TARGET_NAME = "AudioReader-iOS";
			};
			name = Debug;
		};
		100000000000000000000088 /* Debug */ = {
			isa = XCBuildConfiguration;
			buildSettings = {
				BUNDLE_LOADER = "$(TEST_HOST)";
				CODE_SIGN_STYLE = Automatic;
				DEVELOPMENT_TEAM = 9XV58LJ624;
				GENERATE_INFOPLIST_FILE = YES;
				IPHONEOS_DEPLOYMENT_TARGET = 26.0;
				LD_RUNPATH_SEARCH_PATHS = (
					"$(inherited)",
					"@executable_path/Frameworks",
					"@loader_path/Frameworks",
				);
				PRODUCT_BUNDLE_IDENTIFIER = com.johnsonzhang.AudioReader.iOSUnitTests;
				PRODUCT_NAME = "$(TARGET_NAME)";
				SDKROOT = iphoneos;
				SUPPORTED_PLATFORMS = "iphoneos iphonesimulator";
				SWIFT_ACTIVE_COMPILATION_CONDITIONS = "DEBUG $(inherited)";
				SWIFT_VERSION = 6.0;
				TARGETED_DEVICE_FAMILY = 2;
				TEST_HOST = "$(BUILT_PRODUCTS_DIR)/AudioReader.app/AudioReader";
				TEST_TARGET_NAME = "AudioReader-iOS";
			};
			name = Debug;
		};
		D4F3C6BA304932D20062411C /* Release */ = {
			isa = XCBuildConfiguration;
			buildSettings = {
				COPY_PHASE_STRIP = YES;
				DEBUG_INFORMATION_FORMAT = "dwarf-with-dsym";
				PRODUCT_NAME = "AudioReader-macOSUITests";
			};
			name = Release;
		};
		D4F3C6BB304932D20062411C /* Release */ = {
			isa = XCBuildConfiguration;
			buildSettings = {
				COPY_PHASE_STRIP = YES;
				DEBUG_INFORMATION_FORMAT = "dwarf-with-dsym";
				PRODUCT_NAME = "AudioReader-iOSUITests";
			};
			name = Release;
		};
		D4F3C6BC304932D20062411C /* Release */ = {
			isa = XCBuildConfiguration;
			buildSettings = {
				COPY_PHASE_STRIP = YES;
				DEBUG_INFORMATION_FORMAT = "dwarf-with-dsym";
				PRODUCT_NAME = "AudioReader-iOSUnitTests";
			};
			name = Release;
		};
/* End XCBuildConfiguration section */

/* Begin XCConfigurationList section */
		100000000000000000000070 /* Build configuration list for PBXProject "AudioReader" */ = {
			isa = XCConfigurationList;
			buildConfigurations = (
				100000000000000000000080 /* Debug */,
				100000000000000000000081 /* Release */,
			);
			defaultConfigurationIsVisible = 0;
			defaultConfigurationName = Release;
		};
		100000000000000000000071 /* Build configuration list for PBXNativeTarget "AudioReader-macOS" */ = {
			isa = XCConfigurationList;
			buildConfigurations = (
				100000000000000000000082 /* Debug */,
				100000000000000000000083 /* Release */,
			);
			defaultConfigurationIsVisible = 0;
			defaultConfigurationName = Release;
		};
		100000000000000000000072 /* Build configuration list for PBXNativeTarget "AudioReader-iOS" */ = {
			isa = XCConfigurationList;
			buildConfigurations = (
				100000000000000000000084 /* Debug */,
				100000000000000000000085 /* Release */,
			);
			defaultConfigurationIsVisible = 0;
			defaultConfigurationName = Release;
		};
		100000000000000000000073 /* Build configuration list for PBXNativeTarget "AudioReader-macOSUITests" */ = {
			isa = XCConfigurationList;
			buildConfigurations = (
				100000000000000000000086 /* Debug */,
				D4F3C6BA304932D20062411C /* Release */,
			);
			defaultConfigurationIsVisible = 0;
			defaultConfigurationName = Debug;
		};
		100000000000000000000074 /* Build configuration list for PBXNativeTarget "AudioReader-iOSUITests" */ = {
			isa = XCConfigurationList;
			buildConfigurations = (
				100000000000000000000087 /* Debug */,
				D4F3C6BB304932D20062411C /* Release */,
			);
			defaultConfigurationIsVisible = 0;
			defaultConfigurationName = Debug;
		};
		100000000000000000000075 /* Build configuration list for PBXNativeTarget "AudioReader-iOSUnitTests" */ = {
			isa = XCConfigurationList;
			buildConfigurations = (
				100000000000000000000088 /* Debug */,
				D4F3C6BC304932D20062411C /* Release */,
			);
			defaultConfigurationIsVisible = 0;
			defaultConfigurationName = Debug;
		};
/* End XCConfigurationList section */

/* Begin XCRemoteSwiftPackageReference section */
		100000000000000000000053 /* XCRemoteSwiftPackageReference "ZIPFoundation" */ = {
			isa = XCRemoteSwiftPackageReference;
			repositoryURL = "https://github.com/weichsel/ZIPFoundation.git";
			requirement = {
				kind = exactVersion;
				version = 0.9.20;
			};
		};
/* End XCRemoteSwiftPackageReference section */

/* Begin XCSwiftPackageProductDependency section */
		100000000000000000000051 /* ZIPFoundation */ = {
			isa = XCSwiftPackageProductDependency;
			package = 100000000000000000000053 /* XCRemoteSwiftPackageReference "ZIPFoundation" */;
			productName = ZIPFoundation;
		};
		100000000000000000000052 /* ZIPFoundation */ = {
			isa = XCSwiftPackageProductDependency;
			package = 100000000000000000000053 /* XCRemoteSwiftPackageReference "ZIPFoundation" */;
			productName = ZIPFoundation;
		};
/* End XCSwiftPackageProductDependency section */
	};
	rootObject = 100000000000000000000050 /* Project object */;
}
